{
  "name": "bf",
  "version": "1.0.0",
  "lockfileVersion": 2,
  "requires": true,
  "packages": {
    "": {
      "name": "bf",
      "version": "1.0.0",
      "license": "ISC",
      "dependencies": {
        "typescript": "^4.6.0-dev.20211125"
      }
    },
    "node_modules/typescript": {
      "version": "4.6.0-dev.20211125",
      "resolved": "https://registry.npmjs.org/typescript/-/typescript-4.6.0-dev.20211125.tgz",
      "integrity": "sha512-L2OsmOI27fdRq88oIfH55OGrcvYjlI0ckXB3wLCJIzPCnH35ZoTN8YUKYCvZ+F/5K+76ds9PrFQPzZazA2ogSQ==",
      "bin": {
        "tsc": "bin/tsc",
        "tsserver": "bin/tsserver"
      },
      "engines": {
        "node": ">=4.2.0"
      }
    }
  },
  "dependencies": {
    "typescript": {
      "version": "4.6.0-dev.20211125",
      "resolved": "https://registry.npmjs.org/typescript/-/typescript-4.6.0-dev.20211125.tgz",
      "integrity": "sha512-L2OsmOI27fdRq88oIfH55OGrcvYjlI0ckXB3wLCJIzPCnH35ZoTN8YUKYCvZ+F/5K+76ds9PrFQPzZazA2ogSQ=="
    }
  }
}
